RESTRICTION: == net9.0
NUGET
  remote: https://api.nuget.org/v3/index.json
    Microsoft.Win32.Registry (5.0)
      System.Security.AccessControl (>= 5.0)
      System.Security.Principal.Windows (>= 5.0)
    protobuf-net (3.2.45)
      protobuf-net.Core (>= 3.2.45)
    protobuf-net.Core (3.2.45)
      System.Collections.Immutable (>= 7.0)
    QRCoder (1.6)
    SteamKit2 (3.0.1)
      Microsoft.Win32.Registry (>= 5.0)
      protobuf-net (>= 3.2.45)
      System.IO.Hashing (>= 9.0)
    System.Collections.Immutable (9.0.1)
    System.IO.Hashing (9.0.1)
    System.Security.AccessControl (6.0.1)
    System.Security.Principal.Windows (5.0)
